# THIS IS AN AUTOGENERATED FILE. DO NOT EDIT THIS FILE DIRECTLY.
# yarn lockfile v1


argparse@^1.0.7:
  version "1.0.10"
  resolved "https://registry.yarnpkg.com/argparse/-/argparse-1.0.10.tgz#bcd6791ea5ae09725e17e5ad988134cd40b3d911"
  dependencies:
    sprintf-js "~1.0.2"

core-util-is@~1.0.0:
  version "1.0.2"
  resolved "https://registry.yarnpkg.com/core-util-is/-/core-util-is-1.0.2.tgz#b5fd54220aa2bc5ab57aab7140c940754503c1a7"

entities@~1.1.1:
  version "1.1.1"
  resolved "https://registry.yarnpkg.com/entities/-/entities-1.1.1.tgz#6e5c2d0a5621b5dadaecef80b90edfb5cd7772f0"

gulp-text-simple@^0.4.0:
  version "0.4.2"
  resolved "https://registry.yarnpkg.com/gulp-text-simple/-/gulp-text-simple-0.4.2.tgz#2d7cce29e42727e8ea1bab8b681d869924ea72f0"
  dependencies:
    lodash "^4.0.0"
    readable-stream "^2.2.0"
    through2 "^2.0.0"

inherits@~2.0.3:
  version "2.0.3"
  resolved "https://registry.yarnpkg.com/inherits/-/inherits-2.0.3.tgz#633c2c83e3da42a502f52466022480f4208261de"

isarray@~1.0.0:
  version "1.0.0"
  resolved "https://registry.yarnpkg.com/isarray/-/isarray-1.0.0.tgz#bb935d48582cba168c06834957a54a3e07124f11"

linkify-it@^2.0.0:
  version "2.0.3"
  resolved "https://registry.yarnpkg.com/linkify-it/-/linkify-it-2.0.3.tgz#d94a4648f9b1c179d64fa97291268bdb6ce9434f"
  dependencies:
    uc.micro "^1.0.1"

lodash@^4.0.0:
  version "4.17.11"
  resolved "https://registry.yarnpkg.com/lodash/-/lodash-4.17.11.tgz#b39ea6229ef607ecd89e2c8df12536891cac9b8d"

markdown-it@^8.3.0:
  version "8.4.2"
  resolved "https://registry.yarnpkg.com/markdown-it/-/markdown-it-8.4.2.tgz#386f98998dc15a37722aa7722084f4020bdd9b54"
  dependencies:
    argparse "^1.0.7"
    entities "~1.1.1"
    linkify-it "^2.0.0"
    mdurl "^1.0.1"
    uc.micro "^1.0.5"

mdheadline@^0.2.0:
  version "0.2.2"
  resolved "https://registry.yarnpkg.com/mdheadline/-/mdheadline-0.2.2.tgz#9e5930da4daca975ecf45fadfeb1b3b5a95493a5"
  dependencies:
    xregexp "^3.2.0"

mdurl@^1.0.1:
  version "1.0.1"
  resolved "https://registry.yarnpkg.com/mdurl/-/mdurl-1.0.1.tgz#fe85b2ec75a59037f2adfec100fd6c601761152e"

process-nextick-args@~2.0.0:
  version "2.0.0"
  resolved "https://registry.yarnpkg.com/process-nextick-args/-/process-nextick-args-2.0.0.tgz#a37d732f4271b4ab1ad070d35508e8290788ffaa"

readable-stream@^2.1.5, readable-stream@^2.2.0:
  version "2.3.6"
  resolved "http://registry.npmjs.org/readable-stream/-/readable-stream-2.3.6.tgz#b11c27d88b8ff1fbe070643cf94b0c79ae1b0aaf"
  dependencies:
    core-util-is "~1.0.0"
    inherits "~2.0.3"
    isarray "~1.0.0"
    process-nextick-args "~2.0.0"
    safe-buffer "~5.1.1"
    string_decoder "~1.1.1"
    util-deprecate "~1.0.1"

safe-buffer@~5.1.0, safe-buffer@~5.1.1:
  version "5.1.2"
  resolved "https://registry.yarnpkg.com/safe-buffer/-/safe-buffer-5.1.2.tgz#991ec69d296e0313747d59bdfd2b745c35f8828d"

sprintf-js@~1.0.2:
  version "1.0.3"
  resolved "https://registry.yarnpkg.com/sprintf-js/-/sprintf-js-1.0.3.tgz#04e6926f662895354f3dd015203633b857297e2c"

string_decoder@~1.1.1:
  version "1.1.1"
  resolved "https://registry.yarnpkg.com/string_decoder/-/string_decoder-1.1.1.tgz#9cf1611ba62685d7030ae9e4ba34149c3af03fc8"
  dependencies:
    safe-buffer "~5.1.0"

through2@^2.0.0:
  version "2.0.3"
  resolved "https://registry.yarnpkg.com/through2/-/through2-2.0.3.tgz#0004569b37c7c74ba39c43f3ced78d1ad94140be"
  dependencies:
    readable-stream "^2.1.5"
    xtend "~4.0.1"

uc.micro@^1.0.1, uc.micro@^1.0.5:
  version "1.0.5"
  resolved "https://registry.yarnpkg.com/uc.micro/-/uc.micro-1.0.5.tgz#0c65f15f815aa08b560a61ce8b4db7ffc3f45376"

util-deprecate@~1.0.1:
  version "1.0.2"
  resolved "https://registry.yarnpkg.com/util-deprecate/-/util-deprecate-1.0.2.tgz#450d4dc9fa70de732762fbd2d4a28981419a0ccf"

xregexp@^3.2.0:
  version "3.2.0"
  resolved "https://registry.yarnpkg.com/xregexp/-/xregexp-3.2.0.tgz#cb3601987bfe2695b584000c18f1c4a8c322878e"

xtend@~4.0.1:
  version "4.0.1"
  resolved "https://registry.yarnpkg.com/xtend/-/xtend-4.0.1.tgz#a5c6d532be656e23db820efb943a1f04998d63af"
